
Microsoft Visual Studio Solution File, Format Version 12.00
# Visual Studio Version 16
VisualStudioVersion = 16.0.28822.285
MinimumVisualStudioVersion = 10.0.40219.1
Project("{FAE04EC0-301F-11D3-BF4B-00C04F79EFBC}") = "RecetasApp.Common", "RecetasApp.Common\RecetasApp.Common.csproj", "{529A4C15-9EE4-4FB5-B201-88E859C534A6}"
EndProject
Project("{2150E333-8FDC-42A3-9474-1A3956D46DE8}") = "Backend", "Backend", "{A64952C9-42F1-49CD-B3A6-3EE9F19404C3}"
EndProject
Project("{2150E333-8FDC-42A3-9474-1A3956D46DE8}") = "Frontend", "Frontend", "{4E5CAADD-3EDE-4439-BAC2-E41BCA8D55BD}"
EndProject
Project("{FAE04EC0-301F-11D3-BF4B-00C04F79EFBC}") = "RecetasApp.Web", "RecetasApp.Web\RecetasApp.Web.csproj", "{509B733D-7102-436A-BCE3-FFF4B69D694D}"
EndProject
Project("{2150E333-8FDC-42A3-9474-1A3956D46DE8}") = "Forms", "Forms", "{7A791F79-C20A-4350-8A44-506F20A8C486}"
EndProject
Project("{2150E333-8FDC-42A3-9474-1A3956D46DE8}") = "Classic", "Classic", "{62EEF124-299A-4507-BBDA-FEE424008435}"
EndProject
Project("{FAE04EC0-301F-11D3-BF4B-00C04F79EFBC}") = "RecetasApp.UIForms.UWP", "RecetasApp.UIForms\RecetasApp.UIForms.UWP\RecetasApp.UIForms.UWP.csproj", "{1EA0812A-E664-4648-B90C-41396B1DDB13}"
EndProject
Project("{FAE04EC0-301F-11D3-BF4B-00C04F79EFBC}") = "RecetasApp.UIForms.Android", "RecetasApp.UIForms\RecetasApp.UIForms.Android\RecetasApp.UIForms.Android.csproj", "{E7961D6A-5316-4E7A-902E-8C9775C09904}"
EndProject
Project("{FAE04EC0-301F-11D3-BF4B-00C04F79EFBC}") = "RecetasApp.UIForms.iOS", "RecetasApp.UIForms\RecetasApp.UIForms.iOS\RecetasApp.UIForms.iOS.csproj", "{8F2A6F36-F731-4E49-BBFB-6A9B2C54576A}"
EndProject
Project("{FAE04EC0-301F-11D3-BF4B-00C04F79EFBC}") = "RecetasApp.UIForms", "RecetasApp.UIForms\RecetasApp.UIForms\RecetasApp.UIForms.csproj", "{2B0B0474-B698-4C20-BDBA-8B8FA0A12180}"
EndProject
Project("{FAE04EC0-301F-11D3-BF4B-00C04F79EFBC}") = "RecetasApp.UIClassic", "RecetasApp.UIClassic\RecetasApp.UIClassic.csproj", "{B9330AB6-0F2F-4E48-A028-39EFF88A3089}"
EndProject
Project("{FAE04EC0-301F-11D3-BF4B-00C04F79EFBC}") = "RecetasApp.UIClassic.Android", "RecetasApp.UIClassic.Android\RecetasApp.UIClassic.Android.csproj", "{C1DDFCC5-EE99-448F-A01F-B0FAD11A3105}"
EndProject
Project("{FAE04EC0-301F-11D3-BF4B-00C04F79EFBC}") = "RecetasApp.UIClassic.iOS", "RecetasApp.UIClassic.iOS\RecetasApp.UIClassic.iOS.csproj", "{4318876D-6B91-4FCC-AD65-A71AB49A8757}"
EndProject
Global
	GlobalSection(SolutionConfigurationPlatforms) = preSolution
		Debug|Any CPU = Debug|Any CPU
		Debug|ARM = Debug|ARM
		Debug|iPhone = Debug|iPhone
		Debug|iPhoneSimulator = Debug|iPhoneSimulator
		Debug|x64 = Debug|x64
		Debug|x86 = Debug|x86
		Release|Any CPU = Release|Any CPU
		Release|ARM = Release|ARM
		Release|iPhone = Release|iPhone
		Release|iPhoneSimulator = Release|iPhoneSimulator
		Release|x64 = Release|x64
		Release|x86 = Release|x86
	EndGlobalSection
	GlobalSection(ProjectConfigurationPlatforms) = postSolution
		{529A4C15-9EE4-4FB5-B201-88E859C534A6}.Debug|Any CPU.ActiveCfg = Debug|Any CPU
		{529A4C15-9EE4-4FB5-B201-88E859C534A6}.Debug|Any CPU.Build.0 = Debug|Any CPU
		{529A4C15-9EE4-4FB5-B201-88E859C534A6}.Debug|ARM.ActiveCfg = Debug|Any CPU
		{529A4C15-9EE4-4FB5-B201-88E859C534A6}.Debug|ARM.Build.0 = Debug|Any CPU
		{529A4C15-9EE4-4FB5-B201-88E859C534A6}.Debug|iPhone.ActiveCfg = Debug|Any CPU
		{529A4C15-9EE4-4FB5-B201-88E859C534A6}.Debug|iPhone.Build.0 = Debug|Any CPU
		{529A4C15-9EE4-4FB5-B201-88E859C534A6}.Debug|iPhoneSimulator.ActiveCfg = Debug|Any CPU
		{529A4C15-9EE4-4FB5-B201-88E859C534A6}.Debug|iPhoneSimulator.Build.0 = Debug|Any CPU
		{529A4C15-9EE4-4FB5-B201-88E859C534A6}.Debug|x64.ActiveCfg = Debug|Any CPU
		{529A4C15-9EE4-4FB5-B201-88E859C534A6}.Debug|x64.Build.0 = Debug|Any CPU
		{529A4C15-9EE4-4FB5-B201-88E859C534A6}.Debug|x86.ActiveCfg = Debug|Any CPU
		{529A4C15-9EE4-4FB5-B201-88E859C534A6}.Debug|x86.Build.0 = Debug|Any CPU
		{529A4C15-9EE4-4FB5-B201-88E859C534A6}.Release|Any CPU.ActiveCfg = Release|Any CPU
		{529A4C15-9EE4-4FB5-B201-88E859C534A6}.Release|Any CPU.Build.0 = Release|Any CPU
		{529A4C15-9EE4-4FB5-B201-88E859C534A6}.Release|ARM.ActiveCfg = Release|Any CPU
		{529A4C15-9EE4-4FB5-B201-88E859C534A6}.Release|ARM.Build.0 = Release|Any CPU
		{529A4C15-9EE4-4FB5-B201-88E859C534A6}.Release|iPhone.ActiveCfg = Release|Any CPU
		{529A4C15-9EE4-4FB5-B201-88E859C534A6}.Release|iPhone.Build.0 = Release|Any CPU
		{529A4C15-9EE4-4FB5-B201-88E859C534A6}.Release|iPhoneSimulator.ActiveCfg = Release|Any CPU
		{529A4C15-9EE4-4FB5-B201-88E859C534A6}.Release|iPhoneSimulator.Build.0 = Release|Any CPU
		{529A4C15-9EE4-4FB5-B201-88E859C534A6}.Release|x64.ActiveCfg = Release|Any CPU
		{529A4C15-9EE4-4FB5-B201-88E859C534A6}.Release|x64.Build.0 = Release|Any CPU
		{529A4C15-9EE4-4FB5-B201-88E859C534A6}.Release|x86.ActiveCfg = Release|Any CPU
		{529A4C15-9EE4-4FB5-B201-88E859C534A6}.Release|x86.Build.0 = Release|Any CPU
		{509B733D-7102-436A-BCE3-FFF4B69D694D}.Debug|Any CPU.ActiveCfg = Debug|Any CPU
		{509B733D-7102-436A-BCE3-FFF4B69D694D}.Debug|Any CPU.Build.0 = Debug|Any CPU
		{509B733D-7102-436A-BCE3-FFF4B69D694D}.Debug|ARM.ActiveCfg = Debug|Any CPU
		{509B733D-7102-436A-BCE3-FFF4B69D694D}.Debug|ARM.Build.0 = Debug|Any CPU
		{509B733D-7102-436A-BCE3-FFF4B69D694D}.Debug|iPhone.ActiveCfg = Debug|Any CPU
		{509B733D-7102-436A-BCE3-FFF4B69D694D}.Debug|iPhone.Build.0 = Debug|Any CPU
		{509B733D-7102-436A-BCE3-FFF4B69D694D}.Debug|iPhoneSimulator.ActiveCfg = Debug|Any CPU
		{509B733D-7102-436A-BCE3-FFF4B69D694D}.Debug|iPhoneSimulator.Build.0 = Debug|Any CPU
		{509B733D-7102-436A-BCE3-FFF4B69D694D}.Debug|x64.ActiveCfg = Debug|Any CPU
		{509B733D-7102-436A-BCE3-FFF4B69D694D}.Debug|x64.Build.0 = Debug|Any CPU
		{509B733D-7102-436A-BCE3-FFF4B69D694D}.Debug|x86.ActiveCfg = Debug|Any CPU
		{509B733D-7102-436A-BCE3-FFF4B69D694D}.Debug|x86.Build.0 = Debug|Any CPU
		{509B733D-7102-436A-BCE3-FFF4B69D694D}.Release|Any CPU.ActiveCfg = Release|Any CPU
		{509B733D-7102-436A-BCE3-FFF4B69D694D}.Release|Any CPU.Build.0 = Release|Any CPU
		{509B733D-7102-436A-BCE3-FFF4B69D694D}.Release|ARM.ActiveCfg = Release|Any CPU
		{509B733D-7102-436A-BCE3-FFF4B69D694D}.Release|ARM.Build.0 = Release|Any CPU
		{509B733D-7102-436A-BCE3-FFF4B69D694D}.Release|iPhone.ActiveCfg = Release|Any CPU
		{509B733D-7102-436A-BCE3-FFF4B69D694D}.Release|iPhone.Build.0 = Release|Any CPU
		{509B733D-7102-436A-BCE3-FFF4B69D694D}.Release|iPhoneSimulator.ActiveCfg = Release|Any CPU
		{509B733D-7102-436A-BCE3-FFF4B69D694D}.Release|iPhoneSimulator.Build.0 = Release|Any CPU
		{509B733D-7102-436A-BCE3-FFF4B69D694D}.Release|x64.ActiveCfg = Release|Any CPU
		{509B733D-7102-436A-BCE3-FFF4B69D694D}.Release|x64.Build.0 = Release|Any CPU
		{509B733D-7102-436A-BCE3-FFF4B69D694D}.Release|x86.ActiveCfg = Release|Any CPU
		{509B733D-7102-436A-BCE3-FFF4B69D694D}.Release|x86.Build.0 = Release|Any CPU
		{1EA0812A-E664-4648-B90C-41396B1DDB13}.Debug|Any CPU.ActiveCfg = Debug|x86
		{1EA0812A-E664-4648-B90C-41396B1DDB13}.Debug|ARM.ActiveCfg = Debug|ARM
		{1EA0812A-E664-4648-B90C-41396B1DDB13}.Debug|ARM.Build.0 = Debug|ARM
		{1EA0812A-E664-4648-B90C-41396B1DDB13}.Debug|ARM.Deploy.0 = Debug|ARM
		{1EA0812A-E664-4648-B90C-41396B1DDB13}.Debug|iPhone.ActiveCfg = Debug|x86
		{1EA0812A-E664-4648-B90C-41396B1DDB13}.Debug|iPhoneSimulator.ActiveCfg = Debug|x86
		{1EA0812A-E664-4648-B90C-41396B1DDB13}.Debug|x64.ActiveCfg = Debug|x64
		{1EA0812A-E664-4648-B90C-41396B1DDB13}.Debug|x64.Build.0 = Debug|x64
		{1EA0812A-E664-4648-B90C-41396B1DDB13}.Debug|x64.Deploy.0 = Debug|x64
		{1EA0812A-E664-4648-B90C-41396B1DDB13}.Debug|x86.ActiveCfg = Debug|x86
		{1EA0812A-E664-4648-B90C-41396B1DDB13}.Debug|x86.Build.0 = Debug|x86
		{1EA0812A-E664-4648-B90C-41396B1DDB13}.Debug|x86.Deploy.0 = Debug|x86
		{1EA0812A-E664-4648-B90C-41396B1DDB13}.Release|Any CPU.ActiveCfg = Release|x86
		{1EA0812A-E664-4648-B90C-41396B1DDB13}.Release|ARM.ActiveCfg = Release|ARM
		{1EA0812A-E664-4648-B90C-41396B1DDB13}.Release|ARM.Build.0 = Release|ARM
		{1EA0812A-E664-4648-B90C-41396B1DDB13}.Release|ARM.Deploy.0 = Release|ARM
		{1EA0812A-E664-4648-B90C-41396B1DDB13}.Release|iPhone.ActiveCfg = Release|x86
		{1EA0812A-E664-4648-B90C-41396B1DDB13}.Release|iPhoneSimulator.ActiveCfg = Release|x86
		{1EA0812A-E664-4648-B90C-41396B1DDB13}.Release|x64.ActiveCfg = Release|x64
		{1EA0812A-E664-4648-B90C-41396B1DDB13}.Release|x64.Build.0 = Release|x64
		{1EA0812A-E664-4648-B90C-41396B1DDB13}.Release|x64.Deploy.0 = Release|x64
		{1EA0812A-E664-4648-B90C-41396B1DDB13}.Release|x86.ActiveCfg = Release|x86
		{1EA0812A-E664-4648-B90C-41396B1DDB13}.Release|x86.Build.0 = Release|x86
		{1EA0812A-E664-4648-B90C-41396B1DDB13}.Release|x86.Deploy.0 = Release|x86
		{E7961D6A-5316-4E7A-902E-8C9775C09904}.Debug|Any CPU.ActiveCfg = Debug|Any CPU
		{E7961D6A-5316-4E7A-902E-8C9775C09904}.Debug|Any CPU.Build.0 = Debug|Any CPU
		{E7961D6A-5316-4E7A-902E-8C9775C09904}.Debug|Any CPU.Deploy.0 = Debug|Any CPU
		{E7961D6A-5316-4E7A-902E-8C9775C09904}.Debug|ARM.ActiveCfg = Debug|Any CPU
		{E7961D6A-5316-4E7A-902E-8C9775C09904}.Debug|ARM.Build.0 = Debug|Any CPU
		{E7961D6A-5316-4E7A-902E-8C9775C09904}.Debug|ARM.Deploy.0 = Debug|Any CPU
		{E7961D6A-5316-4E7A-902E-8C9775C09904}.Debug|iPhone.ActiveCfg = Debug|Any CPU
		{E7961D6A-5316-4E7A-902E-8C9775C09904}.Debug|iPhone.Build.0 = Debug|Any CPU
		{E7961D6A-5316-4E7A-902E-8C9775C09904}.Debug|iPhone.Deploy.0 = Debug|Any CPU
		{E7961D6A-5316-4E7A-902E-8C9775C09904}.Debug|iPhoneSimulator.ActiveCfg = Debug|Any CPU
		{E7961D6A-5316-4E7A-902E-8C9775C09904}.Debug|iPhoneSimulator.Build.0 = Debug|Any CPU
		{E7961D6A-5316-4E7A-902E-8C9775C09904}.Debug|iPhoneSimulator.Deploy.0 = Debug|Any CPU
		{E7961D6A-5316-4E7A-902E-8C9775C09904}.Debug|x64.ActiveCfg = Debug|Any CPU
		{E7961D6A-5316-4E7A-902E-8C9775C09904}.Debug|x64.Build.0 = Debug|Any CPU
		{E7961D6A-5316-4E7A-902E-8C9775C09904}.Debug|x64.Deploy.0 = Debug|Any CPU
		{E7961D6A-5316-4E7A-902E-8C9775C09904}.Debug|x86.ActiveCfg = Debug|Any CPU
		{E7961D6A-5316-4E7A-902E-8C9775C09904}.Debug|x86.Build.0 = Debug|Any CPU
		{E7961D6A-5316-4E7A-902E-8C9775C09904}.Debug|x86.Deploy.0 = Debug|Any CPU
		{E7961D6A-5316-4E7A-902E-8C9775C09904}.Release|Any CPU.ActiveCfg = Release|Any CPU
		{E7961D6A-5316-4E7A-902E-8C9775C09904}.Release|Any CPU.Build.0 = Release|Any CPU
		{E7961D6A-5316-4E7A-902E-8C9775C09904}.Release|Any CPU.Deploy.0 = Release|Any CPU
		{E7961D6A-5316-4E7A-902E-8C9775C09904}.Release|ARM.ActiveCfg = Release|Any CPU
		{E7961D6A-5316-4E7A-902E-8C9775C09904}.Release|ARM.Build.0 = Release|Any CPU
		{E7961D6A-5316-4E7A-902E-8C9775C09904}.Release|ARM.Deploy.0 = Release|Any CPU
		{E7961D6A-5316-4E7A-902E-8C9775C09904}.Release|iPhone.ActiveCfg = Release|Any CPU
		{E7961D6A-5316-4E7A-902E-8C9775C09904}.Release|iPhone.Build.0 = Release|Any CPU
		{E7961D6A-5316-4E7A-902E-8C9775C09904}.Release|iPhone.Deploy.0 = Release|Any CPU
		{E7961D6A-5316-4E7A-902E-8C9775C09904}.Release|iPhoneSimulator.ActiveCfg = Release|Any CPU
		{E7961D6A-5316-4E7A-902E-8C9775C09904}.Release|iPhoneSimulator.Build.0 = Release|Any CPU
		{E7961D6A-5316-4E7A-902E-8C9775C09904}.Release|iPhoneSimulator.Deploy.0 = Release|Any CPU
		{E7961D6A-5316-4E7A-902E-8C9775C09904}.Release|x64.ActiveCfg = Release|Any CPU
		{E7961D6A-5316-4E7A-902E-8C9775C09904}.Release|x64.Build.0 = Release|Any CPU
		{E7961D6A-5316-4E7A-902E-8C9775C09904}.Release|x64.Deploy.0 = Release|Any CPU
		{E7961D6A-5316-4E7A-902E-8C9775C09904}.Release|x86.ActiveCfg = Release|Any CPU
		{E7961D6A-5316-4E7A-902E-8C9775C09904}.Release|x86.Build.0 = Release|Any CPU
		{E7961D6A-5316-4E7A-902E-8C9775C09904}.Release|x86.Deploy.0 = Release|Any CPU
		{8F2A6F36-F731-4E49-BBFB-6A9B2C54576A}.Debug|Any CPU.ActiveCfg = Debug|iPhone
		{8F2A6F36-F731-4E49-BBFB-6A9B2C54576A}.Debug|ARM.ActiveCfg = Debug|iPhone
		{8F2A6F36-F731-4E49-BBFB-6A9B2C54576A}.Debug|iPhone.ActiveCfg = Debug|iPhone
		{8F2A6F36-F731-4E49-BBFB-6A9B2C54576A}.Debug|iPhone.Build.0 = Debug|iPhone
		{8F2A6F36-F731-4E49-BBFB-6A9B2C54576A}.Debug|iPhoneSimulator.ActiveCfg = Debug|iPhoneSimulator
		{8F2A6F36-F731-4E49-BBFB-6A9B2C54576A}.Debug|iPhoneSimulator.Build.0 = Debug|iPhoneSimulator
		{8F2A6F36-F731-4E49-BBFB-6A9B2C54576A}.Debug|x64.ActiveCfg = Debug|iPhone
		{8F2A6F36-F731-4E49-BBFB-6A9B2C54576A}.Debug|x86.ActiveCfg = Debug|iPhone
		{8F2A6F36-F731-4E49-BBFB-6A9B2C54576A}.Release|Any CPU.ActiveCfg = Release|iPhone
		{8F2A6F36-F731-4E49-BBFB-6A9B2C54576A}.Release|ARM.ActiveCfg = Release|iPhone
		{8F2A6F36-F731-4E49-BBFB-6A9B2C54576A}.Release|iPhone.ActiveCfg = Release|iPhone
		{8F2A6F36-F731-4E49-BBFB-6A9B2C54576A}.Release|iPhone.Build.0 = Release|iPhone
		{8F2A6F36-F731-4E49-BBFB-6A9B2C54576A}.Release|iPhoneSimulator.ActiveCfg = Release|iPhoneSimulator
		{8F2A6F36-F731-4E49-BBFB-6A9B2C54576A}.Release|iPhoneSimulator.Build.0 = Release|iPhoneSimulator
		{8F2A6F36-F731-4E49-BBFB-6A9B2C54576A}.Release|x64.ActiveCfg = Release|iPhone
		{8F2A6F36-F731-4E49-BBFB-6A9B2C54576A}.Release|x86.ActiveCfg = Release|iPhone
		{2B0B0474-B698-4C20-BDBA-8B8FA0A12180}.Debug|Any CPU.ActiveCfg = Debug|Any CPU
		{2B0B0474-B698-4C20-BDBA-8B8FA0A12180}.Debug|Any CPU.Build.0 = Debug|Any CPU
		{2B0B0474-B698-4C20-BDBA-8B8FA0A12180}.Debug|ARM.ActiveCfg = Debug|Any CPU
		{2B0B0474-B698-4C20-BDBA-8B8FA0A12180}.Debug|ARM.Build.0 = Debug|Any CPU
		{2B0B0474-B698-4C20-BDBA-8B8FA0A12180}.Debug|iPhone.ActiveCfg = Debug|Any CPU
		{2B0B0474-B698-4C20-BDBA-8B8FA0A12180}.Debug|iPhone.Build.0 = Debug|Any CPU
		{2B0B0474-B698-4C20-BDBA-8B8FA0A12180}.Debug|iPhoneSimulator.ActiveCfg = Debug|Any CPU
		{2B0B0474-B698-4C20-BDBA-8B8FA0A12180}.Debug|iPhoneSimulator.Build.0 = Debug|Any CPU
		{2B0B0474-B698-4C20-BDBA-8B8FA0A12180}.Debug|x64.ActiveCfg = Debug|Any CPU
		{2B0B0474-B698-4C20-BDBA-8B8FA0A12180}.Debug|x64.Build.0 = Debug|Any CPU
		{2B0B0474-B698-4C20-BDBA-8B8FA0A12180}.Debug|x86.ActiveCfg = Debug|Any CPU
		{2B0B0474-B698-4C20-BDBA-8B8FA0A12180}.Debug|x86.Build.0 = Debug|Any CPU
		{2B0B0474-B698-4C20-BDBA-8B8FA0A12180}.Release|Any CPU.ActiveCfg = Release|Any CPU
		{2B0B0474-B698-4C20-BDBA-8B8FA0A12180}.Release|Any CPU.Build.0 = Release|Any CPU
		{2B0B0474-B698-4C20-BDBA-8B8FA0A12180}.Release|ARM.ActiveCfg = Release|Any CPU
		{2B0B0474-B698-4C20-BDBA-8B8FA0A12180}.Release|ARM.Build.0 = Release|Any CPU
		{2B0B0474-B698-4C20-BDBA-8B8FA0A12180}.Release|iPhone.ActiveCfg = Release|Any CPU
		{2B0B0474-B698-4C20-BDBA-8B8FA0A12180}.Release|iPhone.Build.0 = Release|Any CPU
		{2B0B0474-B698-4C20-BDBA-8B8FA0A12180}.Release|iPhoneSimulator.ActiveCfg = Release|Any CPU
		{2B0B0474-B698-4C20-BDBA-8B8FA0A12180}.Release|iPhoneSimulator.Build.0 = Release|Any CPU
		{2B0B0474-B698-4C20-BDBA-8B8FA0A12180}.Release|x64.ActiveCfg = Release|Any CPU
		{2B0B0474-B698-4C20-BDBA-8B8FA0A12180}.Release|x64.Build.0 = Release|Any CPU
		{2B0B0474-B698-4C20-BDBA-8B8FA0A12180}.Release|x86.ActiveCfg = Release|Any CPU
		{2B0B0474-B698-4C20-BDBA-8B8FA0A12180}.Release|x86.Build.0 = Release|Any CPU
		{B9330AB6-0F2F-4E48-A028-39EFF88A3089}.Debug|Any CPU.ActiveCfg = Debug|Any CPU
		{B9330AB6-0F2F-4E48-A028-39EFF88A3089}.Debug|Any CPU.Build.0 = Debug|Any CPU
		{B9330AB6-0F2F-4E48-A028-39EFF88A3089}.Debug|ARM.ActiveCfg = Debug|Any CPU
		{B9330AB6-0F2F-4E48-A028-39EFF88A3089}.Debug|ARM.Build.0 = Debug|Any CPU
		{B9330AB6-0F2F-4E48-A028-39EFF88A3089}.Debug|iPhone.ActiveCfg = Debug|Any CPU
		{B9330AB6-0F2F-4E48-A028-39EFF88A3089}.Debug|iPhone.Build.0 = Debug|Any CPU
		{B9330AB6-0F2F-4E48-A028-39EFF88A3089}.Debug|iPhoneSimulator.ActiveCfg = Debug|Any CPU
		{B9330AB6-0F2F-4E48-A028-39EFF88A3089}.Debug|iPhoneSimulator.Build.0 = Debug|Any CPU
		{B9330AB6-0F2F-4E48-A028-39EFF88A3089}.Debug|x64.ActiveCfg = Debug|Any CPU
		{B9330AB6-0F2F-4E48-A028-39EFF88A3089}.Debug|x64.Build.0 = Debug|Any CPU
		{B9330AB6-0F2F-4E48-A028-39EFF88A3089}.Debug|x86.ActiveCfg = Debug|Any CPU
		{B9330AB6-0F2F-4E48-A028-39EFF88A3089}.Debug|x86.Build.0 = Debug|Any CPU
		{B9330AB6-0F2F-4E48-A028-39EFF88A3089}.Release|Any CPU.ActiveCfg = Release|Any CPU
		{B9330AB6-0F2F-4E48-A028-39EFF88A3089}.Release|Any CPU.Build.0 = Release|Any CPU
		{B9330AB6-0F2F-4E48-A028-39EFF88A3089}.Release|ARM.ActiveCfg = Release|Any CPU
		{B9330AB6-0F2F-4E48-A028-39EFF88A3089}.Release|ARM.Build.0 = Release|Any CPU
		{B9330AB6-0F2F-4E48-A028-39EFF88A3089}.Release|iPhone.ActiveCfg = Release|Any CPU
		{B9330AB6-0F2F-4E48-A028-39EFF88A3089}.Release|iPhone.Build.0 = Release|Any CPU
		{B9330AB6-0F2F-4E48-A028-39EFF88A3089}.Release|iPhoneSimulator.ActiveCfg = Release|Any CPU
		{B9330AB6-0F2F-4E48-A028-39EFF88A3089}.Release|iPhoneSimulator.Build.0 = Release|Any CPU
		{B9330AB6-0F2F-4E48-A028-39EFF88A3089}.Release|x64.ActiveCfg = Release|Any CPU
		{B9330AB6-0F2F-4E48-A028-39EFF88A3089}.Release|x64.Build.0 = Release|Any CPU
		{B9330AB6-0F2F-4E48-A028-39EFF88A3089}.Release|x86.ActiveCfg = Release|Any CPU
		{B9330AB6-0F2F-4E48-A028-39EFF88A3089}.Release|x86.Build.0 = Release|Any CPU
		{C1DDFCC5-EE99-448F-A01F-B0FAD11A3105}.Debug|Any CPU.ActiveCfg = Debug|Any CPU
		{C1DDFCC5-EE99-448F-A01F-B0FAD11A3105}.Debug|Any CPU.Build.0 = Debug|Any CPU
		{C1DDFCC5-EE99-448F-A01F-B0FAD11A3105}.Debug|Any CPU.Deploy.0 = Debug|Any CPU
		{C1DDFCC5-EE99-448F-A01F-B0FAD11A3105}.Debug|ARM.ActiveCfg = Debug|Any CPU
		{C1DDFCC5-EE99-448F-A01F-B0FAD11A3105}.Debug|ARM.Build.0 = Debug|Any CPU
		{C1DDFCC5-EE99-448F-A01F-B0FAD11A3105}.Debug|ARM.Deploy.0 = Debug|Any CPU
		{C1DDFCC5-EE99-448F-A01F-B0FAD11A3105}.Debug|iPhone.ActiveCfg = Debug|Any CPU
		{C1DDFCC5-EE99-448F-A01F-B0FAD11A3105}.Debug|iPhone.Build.0 = Debug|Any CPU
		{C1DDFCC5-EE99-448F-A01F-B0FAD11A3105}.Debug|iPhone.Deploy.0 = Debug|Any CPU
		{C1DDFCC5-EE99-448F-A01F-B0FAD11A3105}.Debug|iPhoneSimulator.ActiveCfg = Debug|Any CPU
		{C1DDFCC5-EE99-448F-A01F-B0FAD11A3105}.Debug|iPhoneSimulator.Build.0 = Debug|Any CPU
		{C1DDFCC5-EE99-448F-A01F-B0FAD11A3105}.Debug|iPhoneSimulator.Deploy.0 = Debug|Any CPU
		{C1DDFCC5-EE99-448F-A01F-B0FAD11A3105}.Debug|x64.ActiveCfg = Debug|Any CPU
		{C1DDFCC5-EE99-448F-A01F-B0FAD11A3105}.Debug|x64.Build.0 = Debug|Any CPU
		{C1DDFCC5-EE99-448F-A01F-B0FAD11A3105}.Debug|x64.Deploy.0 = Debug|Any CPU
		{C1DDFCC5-EE99-448F-A01F-B0FAD11A3105}.Debug|x86.ActiveCfg = Debug|Any CPU
		{C1DDFCC5-EE99-448F-A01F-B0FAD11A3105}.Debug|x86.Build.0 = Debug|Any CPU
		{C1DDFCC5-EE99-448F-A01F-B0FAD11A3105}.Debug|x86.Deploy.0 = Debug|Any CPU
		{C1DDFCC5-EE99-448F-A01F-B0FAD11A3105}.Release|Any CPU.ActiveCfg = Release|Any CPU
		{C1DDFCC5-EE99-448F-A01F-B0FAD11A3105}.Release|Any CPU.Build.0 = Release|Any CPU
		{C1DDFCC5-EE99-448F-A01F-B0FAD11A3105}.Release|Any CPU.Deploy.0 = Release|Any CPU
		{C1DDFCC5-EE99-448F-A01F-B0FAD11A3105}.Release|ARM.ActiveCfg = Release|Any CPU
		{C1DDFCC5-EE99-448F-A01F-B0FAD11A3105}.Release|ARM.Build.0 = Release|Any CPU
		{C1DDFCC5-EE99-448F-A01F-B0FAD11A3105}.Release|ARM.Deploy.0 = Release|Any CPU
		{C1DDFCC5-EE99-448F-A01F-B0FAD11A3105}.Release|iPhone.ActiveCfg = Release|Any CPU
		{C1DDFCC5-EE99-448F-A01F-B0FAD11A3105}.Release|iPhone.Build.0 = Release|Any CPU
		{C1DDFCC5-EE99-448F-A01F-B0FAD11A3105}.Release|iPhone.Deploy.0 = Release|Any CPU
		{C1DDFCC5-EE99-448F-A01F-B0FAD11A3105}.Release|iPhoneSimulator.ActiveCfg = Release|Any CPU
		{C1DDFCC5-EE99-448F-A01F-B0FAD11A3105}.Release|iPhoneSimulator.Build.0 = Release|Any CPU
		{C1DDFCC5-EE99-448F-A01F-B0FAD11A3105}.Release|iPhoneSimulator.Deploy.0 = Release|Any CPU
		{C1DDFCC5-EE99-448F-A01F-B0FAD11A3105}.Release|x64.ActiveCfg = Release|Any CPU
		{C1DDFCC5-EE99-448F-A01F-B0FAD11A3105}.Release|x64.Build.0 = Release|Any CPU
		{C1DDFCC5-EE99-448F-A01F-B0FAD11A3105}.Release|x64.Deploy.0 = Release|Any CPU
		{C1DDFCC5-EE99-448F-A01F-B0FAD11A3105}.Release|x86.ActiveCfg = Release|Any CPU
		{C1DDFCC5-EE99-448F-A01F-B0FAD11A3105}.Release|x86.Build.0 = Release|Any CPU
		{C1DDFCC5-EE99-448F-A01F-B0FAD11A3105}.Release|x86.Deploy.0 = Release|Any CPU
		{4318876D-6B91-4FCC-AD65-A71AB49A8757}.Debug|Any CPU.ActiveCfg = Debug|iPhone
		{4318876D-6B91-4FCC-AD65-A71AB49A8757}.Debug|ARM.ActiveCfg = Debug|iPhone
		{4318876D-6B91-4FCC-AD65-A71AB49A8757}.Debug|iPhone.ActiveCfg = Debug|iPhone
		{4318876D-6B91-4FCC-AD65-A71AB49A8757}.Debug|iPhone.Build.0 = Debug|iPhone
		{4318876D-6B91-4FCC-AD65-A71AB49A8757}.Debug|iPhoneSimulator.ActiveCfg = Debug|iPhoneSimulator
		{4318876D-6B91-4FCC-AD65-A71AB49A8757}.Debug|iPhoneSimulator.Build.0 = Debug|iPhoneSimulator
		{4318876D-6B91-4FCC-AD65-A71AB49A8757}.Debug|x64.ActiveCfg = Debug|iPhone
		{4318876D-6B91-4FCC-AD65-A71AB49A8757}.Debug|x86.ActiveCfg = Debug|iPhone
		{4318876D-6B91-4FCC-AD65-A71AB49A8757}.Release|Any CPU.ActiveCfg = Release|iPhone
		{4318876D-6B91-4FCC-AD65-A71AB49A8757}.Release|ARM.ActiveCfg = Release|iPhone
		{4318876D-6B91-4FCC-AD65-A71AB49A8757}.Release|iPhone.ActiveCfg = Release|iPhone
		{4318876D-6B91-4FCC-AD65-A71AB49A8757}.Release|iPhone.Build.0 = Release|iPhone
		{4318876D-6B91-4FCC-AD65-A71AB49A8757}.Release|iPhoneSimulator.ActiveCfg = Release|iPhoneSimulator
		{4318876D-6B91-4FCC-AD65-A71AB49A8757}.Release|iPhoneSimulator.Build.0 = Release|iPhoneSimulator
		{4318876D-6B91-4FCC-AD65-A71AB49A8757}.Release|x64.ActiveCfg = Release|iPhone
		{4318876D-6B91-4FCC-AD65-A71AB49A8757}.Release|x86.ActiveCfg = Release|iPhone
	EndGlobalSection
	GlobalSection(SolutionProperties) = preSolution
		HideSolutionNode = FALSE
	EndGlobalSection
	GlobalSection(NestedProjects) = preSolution
		{509B733D-7102-436A-BCE3-FFF4B69D694D} = {A64952C9-42F1-49CD-B3A6-3EE9F19404C3}
		{7A791F79-C20A-4350-8A44-506F20A8C486} = {4E5CAADD-3EDE-4439-BAC2-E41BCA8D55BD}
		{62EEF124-299A-4507-BBDA-FEE424008435} = {4E5CAADD-3EDE-4439-BAC2-E41BCA8D55BD}
		{1EA0812A-E664-4648-B90C-41396B1DDB13} = {7A791F79-C20A-4350-8A44-506F20A8C486}
		{E7961D6A-5316-4E7A-902E-8C9775C09904} = {7A791F79-C20A-4350-8A44-506F20A8C486}
		{8F2A6F36-F731-4E49-BBFB-6A9B2C54576A} = {7A791F79-C20A-4350-8A44-506F20A8C486}
		{2B0B0474-B698-4C20-BDBA-8B8FA0A12180} = {7A791F79-C20A-4350-8A44-506F20A8C486}
		{B9330AB6-0F2F-4E48-A028-39EFF88A3089} = {62EEF124-299A-4507-BBDA-FEE424008435}
		{C1DDFCC5-EE99-448F-A01F-B0FAD11A3105} = {62EEF124-299A-4507-BBDA-FEE424008435}
		{4318876D-6B91-4FCC-AD65-A71AB49A8757} = {62EEF124-299A-4507-BBDA-FEE424008435}
	EndGlobalSection
	GlobalSection(ExtensibilityGlobals) = postSolution
		SolutionGuid = {3617C93C-7638-4187-87D2-A6272AF0D67F}
	EndGlobalSection
EndGlobal
